
Microsoft Visual Studio Solution File, Format Version 12.00
# Visual Studio Version 17
VisualStudioVersion = 17.2.32505.173
MinimumVisualStudioVersion = 10.0.40219.1
Project("{FAE04EC0-301F-11D3-BF4B-00C04F79EFBC}") = "CapachitacionCSharp", "CapachitacionCSharp\CapachitacionCSharp.csproj", "{BD298753-D23D-4BD7-811A-6702D55F15D4}"
EndProject
Global
	GlobalSection(SolutionConfigurationPlatforms) = preSolution
		Debug|Any CPU = Debug|Any CPU
		Release|Any CPU = Release|Any CPU
	EndGlobalSection
	GlobalSection(ProjectConfigurationPlatforms) = postSolution
		{BD298753-D23D-4BD7-811A-6702D55F15D4}.Debug|Any CPU.ActiveCfg = Debug|Any CPU
		{BD298753-D23D-4BD7-811A-6702D55F15D4}.Debug|Any CPU.Build.0 = Debug|Any CPU
		{BD298753-D23D-4BD7-811A-6702D55F15D4}.Release|Any CPU.ActiveCfg = Release|Any CPU
		{BD298753-D23D-4BD7-811A-6702D55F15D4}.Release|Any CPU.Build.0 = Release|Any CPU
	EndGlobalSection
	GlobalSection(SolutionProperties) = preSolution
		HideSolutionNode = FALSE
	EndGlobalSection
	GlobalSection(ExtensibilityGlobals) = postSolution
		SolutionGuid = {77A7E827-DBEB-4DF0-AAD7-A4C8C0D82970}
	EndGlobalSection
EndGlobal
